
Microsoft Visual Studio Solution File, Format Version 12.00
# Visual Studio Version 17
VisualStudioVersion = 17.9.34714.143
MinimumVisualStudioVersion = 10.0.40219.1
Project("{9A19103F-16F7-4668-BE54-9A1E7A4F7556}") = "Bai1_KhaiBaoBien", "Bai1_KhaiBaoBien\Bai1_KhaiBaoBien.csproj", "{E8BFBB63-E12B-489F-8747-63B1322A3DD6}"
EndProject
Project("{9A19103F-16F7-4668-BE54-9A1E7A4F7556}") = "Bai2_Input_ChuyenDoiKieuDuLieu", "Bai2_Input_ChuyenDoiKieuDuLieu\Bai2_Input_ChuyenDoiKieuDuLieu.csproj", "{4C24C0AD-A1E6-4025-8371-FDFDED02232C}"
EndProject
Project("{9A19103F-16F7-4668-BE54-9A1E7A4F7556}") = "Bai3_CauLenhDieuKien_ReNhanh", "Bai3_CauLenhDieuKien_ReNhanh\Bai3_CauLenhDieuKien_ReNhanh.csproj", "{C2682760-E0C4-42C1-8EED-E29C0193B6A6}"
EndProject
Project("{9A19103F-16F7-4668-BE54-9A1E7A4F7556}") = "Bai4_VongLap", "Bai4_VongLap\Bai4_VongLap.csproj", "{876074ED-448F-4D6B-BDAC-AD9415015514}"
EndProject
Project("{9A19103F-16F7-4668-BE54-9A1E7A4F7556}") = "TapHop_PhuongThuc", "TapHop_PhuongThuc\TapHop_PhuongThuc.csproj", "{A4E304F4-8446-45A7-89FE-F146813101A7}"
EndProject
Project("{9A19103F-16F7-4668-BE54-9A1E7A4F7556}") = "OOP_DongGoi", "OOP_DongGoi\OOP_DongGoi.csproj", "{344612B3-2B8E-4314-BF38-6B637C7E6AF0}"
EndProject
Project("{9A19103F-16F7-4668-BE54-9A1E7A4F7556}") = "Bai7_TapHop_Objects", "Bai7_TapHop_Objects\Bai7_TapHop_Objects.csproj", "{C96321DB-928F-4491-BBDF-EB34525BCFC7}"
EndProject
Project("{9A19103F-16F7-4668-BE54-9A1E7A4F7556}") = "Bai8_KeThua", "Bai8_KeThua\Bai8_KeThua.csproj", "{C59AB41E-E950-48AC-8D62-6A2EE689EBB5}"
EndProject
Project("{9A19103F-16F7-4668-BE54-9A1E7A4F7556}") = "Bai9_OOP_DaHinh", "Bai9_OOP_DaHinh\Bai9_OOP_DaHinh.csproj", "{14D3290A-7EE6-4932-AB6B-86A45D9E38B8}"
EndProject
Project("{9A19103F-16F7-4668-BE54-9A1E7A4F7556}") = "Bai10_OOP_TruuTuong", "Bai10_OOP_TruuTuong\Bai10_OOP_TruuTuong.csproj", "{39175090-A459-44DC-95C0-E2E435950731}"
EndProject
Project("{FAE04EC0-301F-11D3-BF4B-00C04F79EFBC}") = "Lab5+6", "Lab5+6\Lab5+6.csproj", "{412F054A-49BD-47E6-9015-84E1045F4353}"
EndProject
Global
	GlobalSection(SolutionConfigurationPlatforms) = preSolution
		Debug|Any CPU = Debug|Any CPU
		Release|Any CPU = Release|Any CPU
	EndGlobalSection
	GlobalSection(ProjectConfigurationPlatforms) = postSolution
		{E8BFBB63-E12B-489F-8747-63B1322A3DD6}.Debug|Any CPU.ActiveCfg = Debug|Any CPU
		{E8BFBB63-E12B-489F-8747-63B1322A3DD6}.Debug|Any CPU.Build.0 = Debug|Any CPU
		{E8BFBB63-E12B-489F-8747-63B1322A3DD6}.Release|Any CPU.ActiveCfg = Release|Any CPU
		{E8BFBB63-E12B-489F-8747-63B1322A3DD6}.Release|Any CPU.Build.0 = Release|Any CPU
		{4C24C0AD-A1E6-4025-8371-FDFDED02232C}.Debug|Any CPU.ActiveCfg = Debug|Any CPU
		{4C24C0AD-A1E6-4025-8371-FDFDED02232C}.Debug|Any CPU.Build.0 = Debug|Any CPU
		{4C24C0AD-A1E6-4025-8371-FDFDED02232C}.Release|Any CPU.ActiveCfg = Release|Any CPU
		{4C24C0AD-A1E6-4025-8371-FDFDED02232C}.Release|Any CPU.Build.0 = Release|Any CPU
		{C2682760-E0C4-42C1-8EED-E29C0193B6A6}.Debug|Any CPU.ActiveCfg = Debug|Any CPU
		{C2682760-E0C4-42C1-8EED-E29C0193B6A6}.Debug|Any CPU.Build.0 = Debug|Any CPU
		{C2682760-E0C4-42C1-8EED-E29C0193B6A6}.Release|Any CPU.ActiveCfg = Release|Any CPU
		{C2682760-E0C4-42C1-8EED-E29C0193B6A6}.Release|Any CPU.Build.0 = Release|Any CPU
		{876074ED-448F-4D6B-BDAC-AD9415015514}.Debug|Any CPU.ActiveCfg = Debug|Any CPU
		{876074ED-448F-4D6B-BDAC-AD9415015514}.Debug|Any CPU.Build.0 = Debug|Any CPU
		{876074ED-448F-4D6B-BDAC-AD9415015514}.Release|Any CPU.ActiveCfg = Release|Any CPU
		{876074ED-448F-4D6B-BDAC-AD9415015514}.Release|Any CPU.Build.0 = Release|Any CPU
		{A4E304F4-8446-45A7-89FE-F146813101A7}.Debug|Any CPU.ActiveCfg = Debug|Any CPU
		{A4E304F4-8446-45A7-89FE-F146813101A7}.Debug|Any CPU.Build.0 = Debug|Any CPU
		{A4E304F4-8446-45A7-89FE-F146813101A7}.Release|Any CPU.ActiveCfg = Release|Any CPU
		{A4E304F4-8446-45A7-89FE-F146813101A7}.Release|Any CPU.Build.0 = Release|Any CPU
		{344612B3-2B8E-4314-BF38-6B637C7E6AF0}.Debug|Any CPU.ActiveCfg = Debug|Any CPU
		{344612B3-2B8E-4314-BF38-6B637C7E6AF0}.Debug|Any CPU.Build.0 = Debug|Any CPU
		{344612B3-2B8E-4314-BF38-6B637C7E6AF0}.Release|Any CPU.ActiveCfg = Release|Any CPU
		{344612B3-2B8E-4314-BF38-6B637C7E6AF0}.Release|Any CPU.Build.0 = Release|Any CPU
		{C96321DB-928F-4491-BBDF-EB34525BCFC7}.Debug|Any CPU.ActiveCfg = Debug|Any CPU
		{C96321DB-928F-4491-BBDF-EB34525BCFC7}.Debug|Any CPU.Build.0 = Debug|Any CPU
		{C96321DB-928F-4491-BBDF-EB34525BCFC7}.Release|Any CPU.ActiveCfg = Release|Any CPU
		{C96321DB-928F-4491-BBDF-EB34525BCFC7}.Release|Any CPU.Build.0 = Release|Any CPU
		{C59AB41E-E950-48AC-8D62-6A2EE689EBB5}.Debug|Any CPU.ActiveCfg = Debug|Any CPU
		{C59AB41E-E950-48AC-8D62-6A2EE689EBB5}.Debug|Any CPU.Build.0 = Debug|Any CPU
		{C59AB41E-E950-48AC-8D62-6A2EE689EBB5}.Release|Any CPU.ActiveCfg = Release|Any CPU
		{C59AB41E-E950-48AC-8D62-6A2EE689EBB5}.Release|Any CPU.Build.0 = Release|Any CPU
		{14D3290A-7EE6-4932-AB6B-86A45D9E38B8}.Debug|Any CPU.ActiveCfg = Debug|Any CPU
		{14D3290A-7EE6-4932-AB6B-86A45D9E38B8}.Debug|Any CPU.Build.0 = Debug|Any CPU
		{14D3290A-7EE6-4932-AB6B-86A45D9E38B8}.Release|Any CPU.ActiveCfg = Release|Any CPU
		{14D3290A-7EE6-4932-AB6B-86A45D9E38B8}.Release|Any CPU.Build.0 = Release|Any CPU
		{39175090-A459-44DC-95C0-E2E435950731}.Debug|Any CPU.ActiveCfg = Debug|Any CPU
		{39175090-A459-44DC-95C0-E2E435950731}.Debug|Any CPU.Build.0 = Debug|Any CPU
		{39175090-A459-44DC-95C0-E2E435950731}.Release|Any CPU.ActiveCfg = Release|Any CPU
		{39175090-A459-44DC-95C0-E2E435950731}.Release|Any CPU.Build.0 = Release|Any CPU
		{412F054A-49BD-47E6-9015-84E1045F4353}.Debug|Any CPU.ActiveCfg = Debug|Any CPU
		{412F054A-49BD-47E6-9015-84E1045F4353}.Debug|Any CPU.Build.0 = Debug|Any CPU
		{412F054A-49BD-47E6-9015-84E1045F4353}.Release|Any CPU.ActiveCfg = Release|Any CPU
		{412F054A-49BD-47E6-9015-84E1045F4353}.Release|Any CPU.Build.0 = Release|Any CPU
	EndGlobalSection
	GlobalSection(SolutionProperties) = preSolution
		HideSolutionNode = FALSE
	EndGlobalSection
	GlobalSection(ExtensibilityGlobals) = postSolution
		SolutionGuid = {A1C26EBC-CF67-4B88-9142-10CC4A7D71F0}
	EndGlobalSection
EndGlobal
